
Microsoft Visual Studio Solution File, Format Version 12.00
# Visual Studio Version 17
VisualStudioVersion = 17.8.34219.65
MinimumVisualStudioVersion = 10.0.40219.1
Project("{9A19103F-16F7-4668-BE54-9A1E7A4F7556}") = "BlazorAnimationTailwind", "src\BlazorAnimationTailwind\BlazorAnimationTailwind.csproj", "{4A2083F4-5EC0-4CC5-A1BD-6D42064ED5CC}"
EndProject
Global
	GlobalSection(SolutionConfigurationPlatforms) = preSolution
		Debug|Any CPU = Debug|Any CPU
		Release|Any CPU = Release|Any CPU
	EndGlobalSection
	GlobalSection(ProjectConfigurationPlatforms) = postSolution
		{4A2083F4-5EC0-4CC5-A1BD-6D42064ED5CC}.Debug|Any CPU.ActiveCfg = Debug|Any CPU
		{4A2083F4-5EC0-4CC5-A1BD-6D42064ED5CC}.Debug|Any CPU.Build.0 = Debug|Any CPU
		{4A2083F4-5EC0-4CC5-A1BD-6D42064ED5CC}.Release|Any CPU.ActiveCfg = Release|Any CPU
		{4A2083F4-5EC0-4CC5-A1BD-6D42064ED5CC}.Release|Any CPU.Build.0 = Release|Any CPU
	EndGlobalSection
	GlobalSection(SolutionProperties) = preSolution
		HideSolutionNode = FALSE
	EndGlobalSection
	GlobalSection(ExtensibilityGlobals) = postSolution
		SolutionGuid = {F2CB718C-71C4-41B1-8761-F309BEB67752}
	EndGlobalSection
EndGlobal
